
Microsoft Visual Studio Solution File, Format Version 12.00
Project("{FAE04EC0-301F-11D3-BF4B-00C04F79EFBC}") = "BlazorIdentityTutorial", "BlazorIdentityTutorial\BlazorIdentityTutorial.csproj", "{4334EE4A-99FC-48BD-81F1-FAF3E2BBA81B}"
EndProject
Project("{FAE04EC0-301F-11D3-BF4B-00C04F79EFBC}") = "BlazorJWTAuth", "BlazorJWTAuth\BlazorJWTAuth.csproj", "{297C613D-5C83-4ED7-8C69-292E1E51D7D4}"
EndProject
Project("{FAE04EC0-301F-11D3-BF4B-00C04F79EFBC}") = "TestAuthBlz", "TestAuthBlz\TestAuthBlz.csproj", "{F916A46D-2890-48B1-8423-1D68B1DFAB4E}"
EndProject
Global
	GlobalSection(SolutionConfigurationPlatforms) = preSolution
		Debug|Any CPU = Debug|Any CPU
		Release|Any CPU = Release|Any CPU
	EndGlobalSection
	GlobalSection(ProjectConfigurationPlatforms) = postSolution
		{4334EE4A-99FC-48BD-81F1-FAF3E2BBA81B}.Debug|Any CPU.ActiveCfg = Debug|Any CPU
		{4334EE4A-99FC-48BD-81F1-FAF3E2BBA81B}.Debug|Any CPU.Build.0 = Debug|Any CPU
		{4334EE4A-99FC-48BD-81F1-FAF3E2BBA81B}.Release|Any CPU.ActiveCfg = Release|Any CPU
		{4334EE4A-99FC-48BD-81F1-FAF3E2BBA81B}.Release|Any CPU.Build.0 = Release|Any CPU
		{297C613D-5C83-4ED7-8C69-292E1E51D7D4}.Debug|Any CPU.ActiveCfg = Debug|Any CPU
		{297C613D-5C83-4ED7-8C69-292E1E51D7D4}.Debug|Any CPU.Build.0 = Debug|Any CPU
		{297C613D-5C83-4ED7-8C69-292E1E51D7D4}.Release|Any CPU.ActiveCfg = Release|Any CPU
		{297C613D-5C83-4ED7-8C69-292E1E51D7D4}.Release|Any CPU.Build.0 = Release|Any CPU
		{F916A46D-2890-48B1-8423-1D68B1DFAB4E}.Debug|Any CPU.ActiveCfg = Debug|Any CPU
		{F916A46D-2890-48B1-8423-1D68B1DFAB4E}.Debug|Any CPU.Build.0 = Debug|Any CPU
		{F916A46D-2890-48B1-8423-1D68B1DFAB4E}.Release|Any CPU.ActiveCfg = Release|Any CPU
		{F916A46D-2890-48B1-8423-1D68B1DFAB4E}.Release|Any CPU.Build.0 = Release|Any CPU
	EndGlobalSection
EndGlobal
